hash: ba411c8d50325b77bdcc497a7402151aed0701db4551d7b45412a00514055af9
updated: 2016-03-18T12:42:05.899764646+02:00
imports:
- name: github.com/boltdb/bolt
  version: 0fd4c0547d204c7b1cad6db6f3adad5f2cf453e5
- name: github.com/codegangsta/cli
  version: aca5b047ed14d17224157c3434ea93bf6cdaadee
- name: github.com/pquerna/ffjson
  version: 215028ffa1b291d28e4007437cbdb53a9a958a3d
  subpackages:
  - shared
  - inception
  - fflib/v1
  - fflib/v1/internal
- name: golang.org/x/sys
  version: 7a56174f0086b32866ebd746a794417edbc678a1
  subpackages:
  - unix
devImports: []
