hash: ba411c8d50325b77bdcc497a7402151aed0701db4551d7b45412a00514055af9
updated: 2016-04-07T17:56:52.137637772+03:00
imports:
- name: github.com/boltdb/bolt
  version: 144418e1475d8bf7abbdc48583500f1a20c62ea7
- name: github.com/codegangsta/cli
  version: aca5b047ed14d17224157c3434ea93bf6cdaadee
- name: github.com/pquerna/ffjson
  version: a4cf0d628f2b6d823c648db52670b87a4f610a67
  subpackages:
  - fflib/v1
  - fflib/v1/internal
- name: golang.org/x/sys
  version: 7a56174f0086b32866ebd746a794417edbc678a1
  subpackages:
  - unix
devImports: []
